
Microsoft Visual Studio Solution File, Format Version 12.00
# Visual Studio Version 17
VisualStudioVersion = 17.5.002.0
MinimumVisualStudioVersion = 10.0.40219.1
Project("{2150E333-8FDC-42A3-9474-1A3956D46DE8}") = "live", "live", "{BCCE49C8-DF57-4AC3-B157-3A54D288BD1A}"
EndProject
Project("{9A19103F-16F7-4668-BE54-9A1E7A4F7556}") = "sorting", "live\sorting\sorting.csproj", "{48C625F4-CF59-4A11-9B38-B86A56A33300}"
EndProject
Global
	GlobalSection(SolutionConfigurationPlatforms) = preSolution
		Debug|Any CPU = Debug|Any CPU
		Release|Any CPU = Release|Any CPU
	EndGlobalSection
	GlobalSection(ProjectConfigurationPlatforms) = postSolution
		{48C625F4-CF59-4A11-9B38-B86A56A33300}.Debug|Any CPU.ActiveCfg = Debug|Any CPU
		{48C625F4-CF59-4A11-9B38-B86A56A33300}.Debug|Any CPU.Build.0 = Debug|Any CPU
		{48C625F4-CF59-4A11-9B38-B86A56A33300}.Release|Any CPU.ActiveCfg = Release|Any CPU
		{48C625F4-CF59-4A11-9B38-B86A56A33300}.Release|Any CPU.Build.0 = Release|Any CPU
	EndGlobalSection
	GlobalSection(SolutionProperties) = preSolution
		HideSolutionNode = FALSE
	EndGlobalSection
	GlobalSection(NestedProjects) = preSolution
		{48C625F4-CF59-4A11-9B38-B86A56A33300} = {BCCE49C8-DF57-4AC3-B157-3A54D288BD1A}
	EndGlobalSection
	GlobalSection(ExtensibilityGlobals) = postSolution
		SolutionGuid = {8FFD4B97-22E0-443F-AE3F-67CDDBE15754}
	EndGlobalSection
EndGlobal
